
Microsoft Visual Studio Solution File, Format Version 12.00
# Visual Studio 15
VisualStudioVersion = 15.0.28307.438
MinimumVisualStudioVersion = 10.0.40219.1
Project("{FAE04EC0-301F-11D3-BF4B-00C04F79EFBC}") = "Server", "Server\Server.csproj", "{6EE4C0C2-444A-4CEF-A25E-3546954CD8B2}"
EndProject
Project("{2150E333-8FDC-42A3-9474-1A3956D46DE8}") = "src", "src", "{6E6B62E8-0AD6-47C8-B4B4-96FDE7A11EB1}"
EndProject
Project("{2150E333-8FDC-42A3-9474-1A3956D46DE8}") = "tests", "tests", "{DBD06238-0FA6-43CC-AF04-B3B7CE92DA6F}"
EndProject
Project("{FAE04EC0-301F-11D3-BF4B-00C04F79EFBC}") = "Host", "Host\Host.csproj", "{FF670399-120E-4066-8C66-0C652DFDE7FF}"
EndProject
Project("{FAE04EC0-301F-11D3-BF4B-00C04F79EFBC}") = "Core", "Core\Core.csproj", "{E4551A55-E4DA-4393-9374-F0E7E768CDF0}"
EndProject
Project("{FAE04EC0-301F-11D3-BF4B-00C04F79EFBC}") = "DAL", "DAL\DAL.csproj", "{B4752A42-A21A-4A1A-9CC4-B69D310C0555}"
EndProject
Project("{FAE04EC0-301F-11D3-BF4B-00C04F79EFBC}") = "HostTests", "HostTests\HostTests.csproj", "{1C5D680B-B3F3-48F0-8396-48C8FBCCB563}"
EndProject
Project("{FAE04EC0-301F-11D3-BF4B-00C04F79EFBC}") = "CoreTests", "CoreTests\CoreTests.csproj", "{E128ADB4-1053-44CF-9CE5-C0D0ADE9C944}"
EndProject
Global
	GlobalSection(SolutionConfigurationPlatforms) = preSolution
		Debug|Any CPU = Debug|Any CPU
		Release|Any CPU = Release|Any CPU
	EndGlobalSection
	GlobalSection(ProjectConfigurationPlatforms) = postSolution
		{6EE4C0C2-444A-4CEF-A25E-3546954CD8B2}.Debug|Any CPU.ActiveCfg = Debug|Any CPU
		{6EE4C0C2-444A-4CEF-A25E-3546954CD8B2}.Debug|Any CPU.Build.0 = Debug|Any CPU
		{6EE4C0C2-444A-4CEF-A25E-3546954CD8B2}.Release|Any CPU.ActiveCfg = Release|Any CPU
		{6EE4C0C2-444A-4CEF-A25E-3546954CD8B2}.Release|Any CPU.Build.0 = Release|Any CPU
		{FF670399-120E-4066-8C66-0C652DFDE7FF}.Debug|Any CPU.ActiveCfg = Debug|Any CPU
		{FF670399-120E-4066-8C66-0C652DFDE7FF}.Debug|Any CPU.Build.0 = Debug|Any CPU
		{FF670399-120E-4066-8C66-0C652DFDE7FF}.Release|Any CPU.ActiveCfg = Release|Any CPU
		{FF670399-120E-4066-8C66-0C652DFDE7FF}.Release|Any CPU.Build.0 = Release|Any CPU
		{E4551A55-E4DA-4393-9374-F0E7E768CDF0}.Debug|Any CPU.ActiveCfg = Debug|Any CPU
		{E4551A55-E4DA-4393-9374-F0E7E768CDF0}.Debug|Any CPU.Build.0 = Debug|Any CPU
		{E4551A55-E4DA-4393-9374-F0E7E768CDF0}.Release|Any CPU.ActiveCfg = Release|Any CPU
		{E4551A55-E4DA-4393-9374-F0E7E768CDF0}.Release|Any CPU.Build.0 = Release|Any CPU
		{B4752A42-A21A-4A1A-9CC4-B69D310C0555}.Debug|Any CPU.ActiveCfg = Debug|Any CPU
		{B4752A42-A21A-4A1A-9CC4-B69D310C0555}.Debug|Any CPU.Build.0 = Debug|Any CPU
		{B4752A42-A21A-4A1A-9CC4-B69D310C0555}.Release|Any CPU.ActiveCfg = Release|Any CPU
		{B4752A42-A21A-4A1A-9CC4-B69D310C0555}.Release|Any CPU.Build.0 = Release|Any CPU
		{1C5D680B-B3F3-48F0-8396-48C8FBCCB563}.Debug|Any CPU.ActiveCfg = Debug|Any CPU
		{1C5D680B-B3F3-48F0-8396-48C8FBCCB563}.Debug|Any CPU.Build.0 = Debug|Any CPU
		{1C5D680B-B3F3-48F0-8396-48C8FBCCB563}.Release|Any CPU.ActiveCfg = Release|Any CPU
		{1C5D680B-B3F3-48F0-8396-48C8FBCCB563}.Release|Any CPU.Build.0 = Release|Any CPU
		{E128ADB4-1053-44CF-9CE5-C0D0ADE9C944}.Debug|Any CPU.ActiveCfg = Debug|Any CPU
		{E128ADB4-1053-44CF-9CE5-C0D0ADE9C944}.Debug|Any CPU.Build.0 = Debug|Any CPU
		{E128ADB4-1053-44CF-9CE5-C0D0ADE9C944}.Release|Any CPU.ActiveCfg = Release|Any CPU
		{E128ADB4-1053-44CF-9CE5-C0D0ADE9C944}.Release|Any CPU.Build.0 = Release|Any CPU
	EndGlobalSection
	GlobalSection(SolutionProperties) = preSolution
		HideSolutionNode = FALSE
	EndGlobalSection
	GlobalSection(NestedProjects) = preSolution
		{6EE4C0C2-444A-4CEF-A25E-3546954CD8B2} = {6E6B62E8-0AD6-47C8-B4B4-96FDE7A11EB1}
		{FF670399-120E-4066-8C66-0C652DFDE7FF} = {6E6B62E8-0AD6-47C8-B4B4-96FDE7A11EB1}
		{E4551A55-E4DA-4393-9374-F0E7E768CDF0} = {6E6B62E8-0AD6-47C8-B4B4-96FDE7A11EB1}
		{B4752A42-A21A-4A1A-9CC4-B69D310C0555} = {6E6B62E8-0AD6-47C8-B4B4-96FDE7A11EB1}
		{1C5D680B-B3F3-48F0-8396-48C8FBCCB563} = {DBD06238-0FA6-43CC-AF04-B3B7CE92DA6F}
		{E128ADB4-1053-44CF-9CE5-C0D0ADE9C944} = {DBD06238-0FA6-43CC-AF04-B3B7CE92DA6F}
	EndGlobalSection
	GlobalSection(ExtensibilityGlobals) = postSolution
		SolutionGuid = {5F15DBC7-7251-4F63-8977-B12ACC4C78B3}
	EndGlobalSection
EndGlobal
