
Microsoft Visual Studio Solution File, Format Version 12.00
# Visual Studio Version 16
VisualStudioVersion = 16.0.29609.76
MinimumVisualStudioVersion = 10.0.40219.1
Project("{9A19103F-16F7-4668-BE54-9A1E7A4F7556}") = "Server", "Server\Server.csproj", "{6EE4C0C2-444A-4CEF-A25E-3546954CD8B2}"
EndProject
Project("{2150E333-8FDC-42A3-9474-1A3956D46DE8}") = "src", "src", "{6E6B62E8-0AD6-47C8-B4B4-96FDE7A11EB1}"
EndProject
Project("{2150E333-8FDC-42A3-9474-1A3956D46DE8}") = "tests", "tests", "{DBD06238-0FA6-43CC-AF04-B3B7CE92DA6F}"
EndProject
Project("{9A19103F-16F7-4668-BE54-9A1E7A4F7556}") = "Host", "Host\Host.csproj", "{FF670399-120E-4066-8C66-0C652DFDE7FF}"
EndProject
Project("{9A19103F-16F7-4668-BE54-9A1E7A4F7556}") = "Core", "Core\Core.csproj", "{E4551A55-E4DA-4393-9374-F0E7E768CDF0}"
EndProject
Project("{9A19103F-16F7-4668-BE54-9A1E7A4F7556}") = "DAL", "DAL\DAL.csproj", "{B4752A42-A21A-4A1A-9CC4-B69D310C0555}"
EndProject
Project("{9A19103F-16F7-4668-BE54-9A1E7A4F7556}") = "ClientConnectionMock", "ClientConnectionMock\ClientConnectionMock.csproj", "{41E58F46-BDDF-4AAC-A279-5EBBBCDE7FCC}"
EndProject
Project("{9A19103F-16F7-4668-BE54-9A1E7A4F7556}") = "ListeningClientMock", "ListeningClientMock\ListeningClientMock.csproj", "{606534B6-9483-4928-AA4A-FC916217E610}"
EndProject
Project("{2150E333-8FDC-42A3-9474-1A3956D46DE8}") = "Solution Items", "Solution Items", "{7AEA26E8-F7D4-4DB9-B56E-01B67628CA4D}"
	ProjectSection(SolutionItems) = preProject
		.editorconfig = .editorconfig
	EndProjectSection
EndProject
Project("{9A19103F-16F7-4668-BE54-9A1E7A4F7556}") = "ChattyUnitTests", "ChattyUnitTests\ChattyUnitTests.csproj", "{19B068BB-342B-4BCA-9DEA-D4895CBBF0AE}"
EndProject
Project("{FAE04EC0-301F-11D3-BF4B-00C04F79EFBC}") = "Utils", "Utils\Utils.csproj", "{1F26D333-7541-4769-ABA8-CC4C07EA5FDF}"
EndProject
Global
	GlobalSection(SolutionConfigurationPlatforms) = preSolution
		Debug|Any CPU = Debug|Any CPU
		Release|Any CPU = Release|Any CPU
	EndGlobalSection
	GlobalSection(ProjectConfigurationPlatforms) = postSolution
		{6EE4C0C2-444A-4CEF-A25E-3546954CD8B2}.Debug|Any CPU.ActiveCfg = Debug|Any CPU
		{6EE4C0C2-444A-4CEF-A25E-3546954CD8B2}.Debug|Any CPU.Build.0 = Debug|Any CPU
		{6EE4C0C2-444A-4CEF-A25E-3546954CD8B2}.Release|Any CPU.ActiveCfg = Release|Any CPU
		{6EE4C0C2-444A-4CEF-A25E-3546954CD8B2}.Release|Any CPU.Build.0 = Release|Any CPU
		{FF670399-120E-4066-8C66-0C652DFDE7FF}.Debug|Any CPU.ActiveCfg = Debug|Any CPU
		{FF670399-120E-4066-8C66-0C652DFDE7FF}.Debug|Any CPU.Build.0 = Debug|Any CPU
		{FF670399-120E-4066-8C66-0C652DFDE7FF}.Release|Any CPU.ActiveCfg = Release|Any CPU
		{FF670399-120E-4066-8C66-0C652DFDE7FF}.Release|Any CPU.Build.0 = Release|Any CPU
		{E4551A55-E4DA-4393-9374-F0E7E768CDF0}.Debug|Any CPU.ActiveCfg = Debug|Any CPU
		{E4551A55-E4DA-4393-9374-F0E7E768CDF0}.Debug|Any CPU.Build.0 = Debug|Any CPU
		{E4551A55-E4DA-4393-9374-F0E7E768CDF0}.Release|Any CPU.ActiveCfg = Release|Any CPU
		{E4551A55-E4DA-4393-9374-F0E7E768CDF0}.Release|Any CPU.Build.0 = Release|Any CPU
		{B4752A42-A21A-4A1A-9CC4-B69D310C0555}.Debug|Any CPU.ActiveCfg = Debug|Any CPU
		{B4752A42-A21A-4A1A-9CC4-B69D310C0555}.Debug|Any CPU.Build.0 = Debug|Any CPU
		{B4752A42-A21A-4A1A-9CC4-B69D310C0555}.Release|Any CPU.ActiveCfg = Release|Any CPU
		{B4752A42-A21A-4A1A-9CC4-B69D310C0555}.Release|Any CPU.Build.0 = Release|Any CPU
		{41E58F46-BDDF-4AAC-A279-5EBBBCDE7FCC}.Debug|Any CPU.ActiveCfg = Debug|Any CPU
		{41E58F46-BDDF-4AAC-A279-5EBBBCDE7FCC}.Debug|Any CPU.Build.0 = Debug|Any CPU
		{41E58F46-BDDF-4AAC-A279-5EBBBCDE7FCC}.Release|Any CPU.ActiveCfg = Release|Any CPU
		{41E58F46-BDDF-4AAC-A279-5EBBBCDE7FCC}.Release|Any CPU.Build.0 = Release|Any CPU
		{606534B6-9483-4928-AA4A-FC916217E610}.Debug|Any CPU.ActiveCfg = Debug|Any CPU
		{606534B6-9483-4928-AA4A-FC916217E610}.Debug|Any CPU.Build.0 = Debug|Any CPU
		{606534B6-9483-4928-AA4A-FC916217E610}.Release|Any CPU.ActiveCfg = Release|Any CPU
		{606534B6-9483-4928-AA4A-FC916217E610}.Release|Any CPU.Build.0 = Release|Any CPU
		{19B068BB-342B-4BCA-9DEA-D4895CBBF0AE}.Debug|Any CPU.ActiveCfg = Debug|Any CPU
		{19B068BB-342B-4BCA-9DEA-D4895CBBF0AE}.Debug|Any CPU.Build.0 = Debug|Any CPU
		{19B068BB-342B-4BCA-9DEA-D4895CBBF0AE}.Release|Any CPU.ActiveCfg = Release|Any CPU
		{19B068BB-342B-4BCA-9DEA-D4895CBBF0AE}.Release|Any CPU.Build.0 = Release|Any CPU
		{1F26D333-7541-4769-ABA8-CC4C07EA5FDF}.Debug|Any CPU.ActiveCfg = Debug|Any CPU
		{1F26D333-7541-4769-ABA8-CC4C07EA5FDF}.Debug|Any CPU.Build.0 = Debug|Any CPU
		{1F26D333-7541-4769-ABA8-CC4C07EA5FDF}.Release|Any CPU.ActiveCfg = Release|Any CPU
		{1F26D333-7541-4769-ABA8-CC4C07EA5FDF}.Release|Any CPU.Build.0 = Release|Any CPU
	EndGlobalSection
	GlobalSection(SolutionProperties) = preSolution
		HideSolutionNode = FALSE
	EndGlobalSection
	GlobalSection(NestedProjects) = preSolution
		{6EE4C0C2-444A-4CEF-A25E-3546954CD8B2} = {6E6B62E8-0AD6-47C8-B4B4-96FDE7A11EB1}
		{FF670399-120E-4066-8C66-0C652DFDE7FF} = {6E6B62E8-0AD6-47C8-B4B4-96FDE7A11EB1}
		{E4551A55-E4DA-4393-9374-F0E7E768CDF0} = {6E6B62E8-0AD6-47C8-B4B4-96FDE7A11EB1}
		{B4752A42-A21A-4A1A-9CC4-B69D310C0555} = {6E6B62E8-0AD6-47C8-B4B4-96FDE7A11EB1}
		{41E58F46-BDDF-4AAC-A279-5EBBBCDE7FCC} = {DBD06238-0FA6-43CC-AF04-B3B7CE92DA6F}
		{606534B6-9483-4928-AA4A-FC916217E610} = {DBD06238-0FA6-43CC-AF04-B3B7CE92DA6F}
		{19B068BB-342B-4BCA-9DEA-D4895CBBF0AE} = {DBD06238-0FA6-43CC-AF04-B3B7CE92DA6F}
		{1F26D333-7541-4769-ABA8-CC4C07EA5FDF} = {DBD06238-0FA6-43CC-AF04-B3B7CE92DA6F}
	EndGlobalSection
	GlobalSection(ExtensibilityGlobals) = postSolution
		SolutionGuid = {5F15DBC7-7251-4F63-8977-B12ACC4C78B3}
	EndGlobalSection
EndGlobal
